
Microsoft Visual Studio Solution File, Format Version 12.00
# Visual Studio 2017
Project("{FAE04EC0-301F-11D3-BF4B-00C04F79EFBC}") = "NewGod.Plugins", "NewGod.Plugins.csproj", "{E9C7719D-2A72-D027-6E7B-78E62A999F9E}"
EndProject
Project("{FAE04EC0-301F-11D3-BF4B-00C04F79EFBC}") = "NewGod", "NewGod.csproj", "{A4F4164B-43DB-8069-8954-37E903987CB1}"
EndProject
Project("{FAE04EC0-301F-11D3-BF4B-00C04F79EFBC}") = "NewGod.Editor", "NewGod.Editor.csproj", "{A7F0CCAA-E0B8-F04B-606A-52EA814124E4}"
EndProject
Project("{FAE04EC0-301F-11D3-BF4B-00C04F79EFBC}") = "NewGod.Editor.Plugins", "NewGod.Editor.Plugins.csproj", "{D51263B8-70B3-2727-313B-C5667BBA31BA}"
EndProject
Global
	GlobalSection(SolutionConfigurationPlatforms) = preSolution
		Debug|Any CPU = Debug|Any CPU
		Release|Any CPU = Release|Any CPU
	EndGlobalSection
	GlobalSection(ProjectConfigurationPlatforms) = postSolution
		{E9C7719D-2A72-D027-6E7B-78E62A999F9E}.Debug|Any CPU.ActiveCfg = Debug|Any CPU
		{E9C7719D-2A72-D027-6E7B-78E62A999F9E}.Debug|Any CPU.Build.0 = Debug|Any CPU
		{E9C7719D-2A72-D027-6E7B-78E62A999F9E}.Release|Any CPU.ActiveCfg = Release|Any CPU
		{E9C7719D-2A72-D027-6E7B-78E62A999F9E}.Release|Any CPU.Build.0 = Release|Any CPU
		{A4F4164B-43DB-8069-8954-37E903987CB1}.Debug|Any CPU.ActiveCfg = Debug|Any CPU
		{A4F4164B-43DB-8069-8954-37E903987CB1}.Debug|Any CPU.Build.0 = Debug|Any CPU
		{A4F4164B-43DB-8069-8954-37E903987CB1}.Release|Any CPU.ActiveCfg = Release|Any CPU
		{A4F4164B-43DB-8069-8954-37E903987CB1}.Release|Any CPU.Build.0 = Release|Any CPU
		{A7F0CCAA-E0B8-F04B-606A-52EA814124E4}.Debug|Any CPU.ActiveCfg = Debug|Any CPU
		{A7F0CCAA-E0B8-F04B-606A-52EA814124E4}.Debug|Any CPU.Build.0 = Debug|Any CPU
		{A7F0CCAA-E0B8-F04B-606A-52EA814124E4}.Release|Any CPU.ActiveCfg = Release|Any CPU
		{A7F0CCAA-E0B8-F04B-606A-52EA814124E4}.Release|Any CPU.Build.0 = Release|Any CPU
		{D51263B8-70B3-2727-313B-C5667BBA31BA}.Debug|Any CPU.ActiveCfg = Debug|Any CPU
		{D51263B8-70B3-2727-313B-C5667BBA31BA}.Debug|Any CPU.Build.0 = Debug|Any CPU
		{D51263B8-70B3-2727-313B-C5667BBA31BA}.Release|Any CPU.ActiveCfg = Release|Any CPU
		{D51263B8-70B3-2727-313B-C5667BBA31BA}.Release|Any CPU.Build.0 = Release|Any CPU
	EndGlobalSection
	GlobalSection(SolutionProperties) = preSolution
		HideSolutionNode = FALSE
	EndGlobalSection
EndGlobal
